
Microsoft Visual Studio Solution File, Format Version 12.00
# Visual Studio 14
VisualStudioVersion = 14.0.25420.1
MinimumVisualStudioVersion = 10.0.40219.1
Project("{FAE04EC0-301F-11D3-BF4B-00C04F79EFBC}") = "EFDI.UI", "app\EFDI.UI\EFDI.UI.csproj", "{00372764-75FA-4401-A1FC-A79427C96B25}"
EndProject
Project("{FAE04EC0-301F-11D3-BF4B-00C04F79EFBC}") = "EFDI.APP", "app\EFDI.APP\EFDI.APP.csproj", "{CF9F0654-7AF3-485A-864D-4BB0238A581F}"
EndProject
Project("{FAE04EC0-301F-11D3-BF4B-00C04F79EFBC}") = "EFDI.INFRA", "app\EFDI.INFRA\EFDI.INFRA.csproj", "{5F260133-A0EB-4D9A-A24B-2E178208CD50}"
EndProject
Project("{2150E333-8FDC-42A3-9474-1A3956D46DE8}") = "Domain", "Domain", "{AA2EFF27-B969-4040-BFCE-CDA8960CE386}"
EndProject
Project("{FAE04EC0-301F-11D3-BF4B-00C04F79EFBC}") = "EFDI.DOM", "app\EFDI.DOM\EFDI.DOM.csproj", "{41276E3F-9C80-444E-843F-5F7E69C3C3BD}"
EndProject
Project("{2150E333-8FDC-42A3-9474-1A3956D46DE8}") = "Infrastructure", "Infrastructure", "{E716F4D1-1CDE-4676-8FD8-5DAB5EAFD74D}"
EndProject
Project("{2150E333-8FDC-42A3-9474-1A3956D46DE8}") = "User Interface", "User Interface", "{EBFA1C4E-F44C-43ED-AD5F-B7B5733D643F}"
EndProject
Project("{2150E333-8FDC-42A3-9474-1A3956D46DE8}") = "Application", "Application", "{D203EEF2-9979-4ADE-8F33-94F4BD36FAD8}"
EndProject
Project("{FAE04EC0-301F-11D3-BF4B-00C04F79EFBC}") = "EFDI.APP.TESTS", "app\EFDI.APP.TESTS\EFDI.APP.TESTS.csproj", "{6FC5D440-74B2-4658-B720-0D63CF9B2A23}"
EndProject
Project("{2150E333-8FDC-42A3-9474-1A3956D46DE8}") = "Exceptions", "Exceptions", "{C71CB86E-6BA8-4A71-8D89-9446F82E3ABA}"
EndProject
Project("{FAE04EC0-301F-11D3-BF4B-00C04F79EFBC}") = "Exceptions", "app\Exceptions\Exceptions.csproj", "{2C96F1F5-1E14-48C4-8F03-E17D3EED23A3}"
EndProject
Global
	GlobalSection(SolutionConfigurationPlatforms) = preSolution
		Debug|Any CPU = Debug|Any CPU
		Release|Any CPU = Release|Any CPU
	EndGlobalSection
	GlobalSection(ProjectConfigurationPlatforms) = postSolution
		{00372764-75FA-4401-A1FC-A79427C96B25}.Debug|Any CPU.ActiveCfg = Debug|Any CPU
		{00372764-75FA-4401-A1FC-A79427C96B25}.Debug|Any CPU.Build.0 = Debug|Any CPU
		{00372764-75FA-4401-A1FC-A79427C96B25}.Release|Any CPU.ActiveCfg = Release|Any CPU
		{00372764-75FA-4401-A1FC-A79427C96B25}.Release|Any CPU.Build.0 = Release|Any CPU
		{CF9F0654-7AF3-485A-864D-4BB0238A581F}.Debug|Any CPU.ActiveCfg = Debug|Any CPU
		{CF9F0654-7AF3-485A-864D-4BB0238A581F}.Debug|Any CPU.Build.0 = Debug|Any CPU
		{CF9F0654-7AF3-485A-864D-4BB0238A581F}.Release|Any CPU.ActiveCfg = Release|Any CPU
		{CF9F0654-7AF3-485A-864D-4BB0238A581F}.Release|Any CPU.Build.0 = Release|Any CPU
		{5F260133-A0EB-4D9A-A24B-2E178208CD50}.Debug|Any CPU.ActiveCfg = Debug|Any CPU
		{5F260133-A0EB-4D9A-A24B-2E178208CD50}.Debug|Any CPU.Build.0 = Debug|Any CPU
		{5F260133-A0EB-4D9A-A24B-2E178208CD50}.Release|Any CPU.ActiveCfg = Release|Any CPU
		{5F260133-A0EB-4D9A-A24B-2E178208CD50}.Release|Any CPU.Build.0 = Release|Any CPU
		{41276E3F-9C80-444E-843F-5F7E69C3C3BD}.Debug|Any CPU.ActiveCfg = Debug|Any CPU
		{41276E3F-9C80-444E-843F-5F7E69C3C3BD}.Debug|Any CPU.Build.0 = Debug|Any CPU
		{41276E3F-9C80-444E-843F-5F7E69C3C3BD}.Release|Any CPU.ActiveCfg = Release|Any CPU
		{41276E3F-9C80-444E-843F-5F7E69C3C3BD}.Release|Any CPU.Build.0 = Release|Any CPU
		{6FC5D440-74B2-4658-B720-0D63CF9B2A23}.Debug|Any CPU.ActiveCfg = Debug|Any CPU
		{6FC5D440-74B2-4658-B720-0D63CF9B2A23}.Debug|Any CPU.Build.0 = Debug|Any CPU
		{6FC5D440-74B2-4658-B720-0D63CF9B2A23}.Release|Any CPU.ActiveCfg = Release|Any CPU
		{6FC5D440-74B2-4658-B720-0D63CF9B2A23}.Release|Any CPU.Build.0 = Release|Any CPU
		{2C96F1F5-1E14-48C4-8F03-E17D3EED23A3}.Debug|Any CPU.ActiveCfg = Debug|Any CPU
		{2C96F1F5-1E14-48C4-8F03-E17D3EED23A3}.Debug|Any CPU.Build.0 = Debug|Any CPU
		{2C96F1F5-1E14-48C4-8F03-E17D3EED23A3}.Release|Any CPU.ActiveCfg = Release|Any CPU
		{2C96F1F5-1E14-48C4-8F03-E17D3EED23A3}.Release|Any CPU.Build.0 = Release|Any CPU
	EndGlobalSection
	GlobalSection(SolutionProperties) = preSolution
		HideSolutionNode = FALSE
	EndGlobalSection
	GlobalSection(NestedProjects) = preSolution
		{00372764-75FA-4401-A1FC-A79427C96B25} = {EBFA1C4E-F44C-43ED-AD5F-B7B5733D643F}
		{CF9F0654-7AF3-485A-864D-4BB0238A581F} = {D203EEF2-9979-4ADE-8F33-94F4BD36FAD8}
		{5F260133-A0EB-4D9A-A24B-2E178208CD50} = {E716F4D1-1CDE-4676-8FD8-5DAB5EAFD74D}
		{41276E3F-9C80-444E-843F-5F7E69C3C3BD} = {AA2EFF27-B969-4040-BFCE-CDA8960CE386}
		{6FC5D440-74B2-4658-B720-0D63CF9B2A23} = {D203EEF2-9979-4ADE-8F33-94F4BD36FAD8}
		{2C96F1F5-1E14-48C4-8F03-E17D3EED23A3} = {C71CB86E-6BA8-4A71-8D89-9446F82E3ABA}
	EndGlobalSection
EndGlobal
